affine==3.0.0
annotated-doc==0.0.5
annotated-types==0.8.0
anyio==4.14.2
attrs==26.1.0
cdsapi==0.7.7
certifi==2026.7.22
charset-normalizer==3.5.1
click==8.4.2
eclipse-sumo==1.27.1
ecmwf-datastores-client==0.5.3
fastapi==0.141.1
h11==0.16.0
httptools==0.8.0
idna==3.18
multiurl==0.3.9
numpy==2.5.2
packaging==26.3
psycopg2-binary==2.9.12
pydantic==2.13.4
pydantic_core==2.46.4
pyparsing==3.3.2
pyproj==3.7.2
python-dateutil==2.9.0.post0
python-dotenv==1.2.3
pytz==2026.3.post1
PyYAML==6.0.3
rasterio==1.5.1
requests==2.34.2
scipy==1.18.0
shapely==2.1.2
six==1.17.0
starlette==1.6.0
sumo-data==1.27.1
sumolib==1.27.1
tqdm==4.70.0
traci==1.27.1
typing-inspection==0.4.4
typing_extensions==4.16.0
urllib3==2.7.0
uvicorn==0.52.3
uvloop==0.22.1
watchfiles==1.2.0
websockets==17.0.1
